
Microsoft Visual Studio Solution File, Format Version 12.00
# Visual Studio Version 16
VisualStudioVersion = 16.0.31112.23
MinimumVisualStudioVersion = 10.0.40219.1
Project("{FAE04EC0-301F-11D3-BF4B-00C04F79EFBC}") = "BankMonitoring", "BankMonitoring.csproj", "{27C4C8D5-E856-461A-BBBA-84E83B3D6AFC}"
EndProject
Global
	GlobalSection(SolutionConfigurationPlatforms) = preSolution
		Debug|Any CPU = Debug|Any CPU
		Release|Any CPU = Release|Any CPU
	EndGlobalSection
	GlobalSection(ProjectConfigurationPlatforms) = postSolution
		{27C4C8D5-E856-461A-BBBA-84E83B3D6AFC}.Debug|Any CPU.ActiveCfg = Debug|Any CPU
		{27C4C8D5-E856-461A-BBBA-84E83B3D6AFC}.Debug|Any CPU.Build.0 = Debug|Any CPU
		{27C4C8D5-E856-461A-BBBA-84E83B3D6AFC}.Release|Any CPU.ActiveCfg = Release|Any CPU
		{27C4C8D5-E856-461A-BBBA-84E83B3D6AFC}.Release|Any CPU.Build.0 = Release|Any CPU
	EndGlobalSection
	GlobalSection(SolutionProperties) = preSolution
		HideSolutionNode = FALSE
	EndGlobalSection
	GlobalSection(ExtensibilityGlobals) = postSolution
		SolutionGuid = {B1FD6449-3A7B-4102-A0F4-841CD4F46B9B}
	EndGlobalSection
EndGlobal
